
Microsoft Visual Studio Solution File, Format Version 12.00
# Visual Studio Version 17
VisualStudioVersion = 17.8.34511.84
MinimumVisualStudioVersion = 10.0.40219.1
Project("{FAE04EC0-301F-11D3-BF4B-00C04F79EFBC}") = "7-1-7", "7-1-7\7-1-7.csproj", "{C2BE2B64-DE00-42E2-9AD9-083DBB0FABB3}"
EndProject
Global
	GlobalSection(SolutionConfigurationPlatforms) = preSolution
		Debug|Any CPU = Debug|Any CPU
		Release|Any CPU = Release|Any CPU
	EndGlobalSection
	GlobalSection(ProjectConfigurationPlatforms) = postSolution
		{C2BE2B64-DE00-42E2-9AD9-083DBB0FABB3}.Debug|Any CPU.ActiveCfg = Debug|Any CPU
		{C2BE2B64-DE00-42E2-9AD9-083DBB0FABB3}.Debug|Any CPU.Build.0 = Debug|Any CPU
		{C2BE2B64-DE00-42E2-9AD9-083DBB0FABB3}.Release|Any CPU.ActiveCfg = Release|Any CPU
		{C2BE2B64-DE00-42E2-9AD9-083DBB0FABB3}.Release|Any CPU.Build.0 = Release|Any CPU
	EndGlobalSection
	GlobalSection(SolutionProperties) = preSolution
		HideSolutionNode = FALSE
	EndGlobalSection
	GlobalSection(ExtensibilityGlobals) = postSolution
		SolutionGuid = {545920E5-DA47-416B-94C6-4B473714B3EE}
	EndGlobalSection
EndGlobal
